<?xml version="1.0" encoding="utf-8"?>
<Project ToolsVersion="4.0" xmlns="http://schemas.microsoft.com/developer/msbuild/2003">
  <ItemGroup>
    <Filter Include="Source Files">
      <UniqueIdentifier>{4FC737F1-C7A5-4376-A066-2A32D752A2FF}</UniqueIdentifier>
      <Extensions>cpp;cxx;c;def</Extensions>
    </Filter>
    <Filter Include="Header Files">
      <UniqueIdentifier>{93995380-89BD-4b04-88EB-625FBE52EBFB}</UniqueIdentifier>
      <Extensions>h</Extensions>
    </Filter>
    <Filter Include="Form Files">
      <UniqueIdentifier>{99349809-55BA-4b9d-BF79-8FDBB0286EB3}</UniqueIdentifier>
      <Extensions>ui</Extensions>
    </Filter>
    <Filter Include="Resource Files">
      <UniqueIdentifier>{D9D6E242-F8AF-46E4-B9FD-80ECBC20BA3E}</UniqueIdentifier>
      <Extensions>qrc;*</Extensions>
      <ParseFiles>false</ParseFiles>
    </Filter>
    <Filter Include="Generated Files">
      <UniqueIdentifier>{71ED8ED8-ACB9-4CE9-BBE1-E00B30144E11}</UniqueIdentifier>
      <Extensions>moc;h;cpp</Extensions>
      <SourceControlFiles>False</SourceControlFiles>
    </Filter>
    <Filter Include="Generated Files\Debug">
      <UniqueIdentifier>{44178229-f62b-4db2-b840-5336ef6f212e}</UniqueIdentifier>
      <Extensions>cpp;moc</Extensions>
      <SourceControlFiles>False</SourceControlFiles>
    </Filter>
    <Filter Include="Generated Files\Release">
      <UniqueIdentifier>{0bb85f4b-dc90-44d6-8336-ca39b46723f4}</UniqueIdentifier>
      <Extensions>cpp;moc</Extensions>
      <SourceControlFiles>False</SourceControlFiles>
    </Filter>
    <Filter Include="Tags">
      <UniqueIdentifier>{43996f6b-420c-41a3-9f85-112a0b3471d8}</UniqueIdentifier>
    </Filter>
    <Filter Include="Converters">
      <UniqueIdentifier>{83a7da29-a9e7-496e-9d6f-53cb62f12123}</UniqueIdentifier>
    </Filter>
  </ItemGroup>
  <ItemGroup>
    <ClCompile Include="processeddb.cpp">
      <Filter>Source Files</Filter>
    </ClCompile>
    <ClCompile Include="painter.cpp">
      <Filter>Source Files</Filter>
    </ClCompile>
    <ClCompile Include="objectsplant.cpp">
      <Filter>Source Files</Filter>
    </ClCompile>
    <ClCompile Include="tags\object.cpp">
      <Filter>Tags</Filter>
    </ClCompile>
    <ClCompile Include="tags\detail.cpp">
      <Filter>Tags</Filter>
    </ClCompile>
    <ClCompile Include="tags\band.cpp">
      <Filter>Tags</Filter>
    </ClCompile>
    <ClCompile Include="tags\statictext.cpp">
      <Filter>Tags</Filter>
    </ClCompile>
    <ClCompile Include="tags\style.cpp">
      <Filter>Tags</Filter>
    </ClCompile>
    <ClCompile Include="tags\title.cpp">
      <Filter>Tags</Filter>
    </ClCompile>
    <ClCompile Include="engine.cpp">
      <Filter>Source Files</Filter>
    </ClCompile>
    <ClCompile Include="tags\report.cpp">
      <Filter>Tags</Filter>
    </ClCompile>
    <ClCompile Include="parser.cpp">
      <Filter>Source Files</Filter>
    </ClCompile>
    <ClCompile Include="tags\field.cpp">
      <Filter>Tags</Filter>
    </ClCompile>
    <ClCompile Include="tags\widget.cpp">
      <Filter>Tags</Filter>
    </ClCompile>
    <ClCompile Include="GeneratedFiles\Debug\moc_engine.cpp">
      <Filter>Generated Files\Debug</Filter>
    </ClCompile>
    <ClCompile Include="GeneratedFiles\Release\moc_engine.cpp">
      <Filter>Generated Files\Release</Filter>
    </ClCompile>
    <ClCompile Include="tags\textfield.cpp">
      <Filter>Tags</Filter>
    </ClCompile>
    <ClCompile Include="tags\querystring.cpp">
      <Filter>Tags</Filter>
    </ClCompile>
    <ClCompile Include="converters\convertertohtml.cpp">
      <Filter>Converters</Filter>
    </ClCompile>
    <ClCompile Include="converters\convertertopdf.cpp">
      <Filter>Converters</Filter>
    </ClCompile>
    <ClCompile Include="converters\convertertoqwidget.cpp">
      <Filter>Converters</Filter>
    </ClCompile>
    <ClCompile Include="tags\section.cpp">
      <Filter>Tags</Filter>
    </ClCompile>
  </ItemGroup>
  <ItemGroup>
    <ClInclude Include="objectsplant.hpp">
      <Filter>Header Files</Filter>
    </ClInclude>
    <ClInclude Include="processeddb.hpp">
      <Filter>Header Files</Filter>
    </ClInclude>
    <ClInclude Include="painter.hpp">
      <Filter>Header Files</Filter>
    </ClInclude>
    <ClInclude Include="parser.hpp">
      <Filter>Header Files</Filter>
    </ClInclude>
    <ClInclude Include="tags\textfield.hpp">
      <Filter>Tags</Filter>
    </ClInclude>
    <ClInclude Include="tags\querystring.hpp">
      <Filter>Tags</Filter>
    </ClInclude>
    <ClInclude Include="converters\convertertohtml.hpp">
      <Filter>Converters</Filter>
    </ClInclude>
    <ClInclude Include="converters\convertertopdf.hpp">
      <Filter>Converters</Filter>
    </ClInclude>
    <ClInclude Include="converters\convertertoqwidget.hpp">
      <Filter>Converters</Filter>
    </ClInclude>
    <ClInclude Include="tags\section.hpp">
      <Filter>Tags</Filter>
    </ClInclude>
  </ItemGroup>
  <ItemGroup>
    <None Include="qtreportslib.pro" />
  </ItemGroup>
  <ItemGroup>
    <CustomBuild Include="tags\object.hpp">
      <Filter>Tags</Filter>
    </CustomBuild>
    <CustomBuild Include="tags\field.hpp">
      <Filter>Tags</Filter>
    </CustomBuild>
    <CustomBuild Include="tags\report.hpp">
      <Filter>Tags</Filter>
    </CustomBuild>
    <CustomBuild Include="tags\widget.hpp">
      <Filter>Tags</Filter>
    </CustomBuild>
    <CustomBuild Include="tags\style.hpp">
      <Filter>Tags</Filter>
    </CustomBuild>
    <CustomBuild Include="engine.hpp">
      <Filter>Header Files</Filter>
    </CustomBuild>
    <CustomBuild Include="tags\statictext.hpp">
      <Filter>Tags</Filter>
    </CustomBuild>
    <CustomBuild Include="tags\detail.hpp">
      <Filter>Tags</Filter>
    </CustomBuild>
    <CustomBuild Include="tags\band.hpp">
      <Filter>Tags</Filter>
    </CustomBuild>
    <CustomBuild Include="tags\title.hpp">
      <Filter>Tags</Filter>
    </CustomBuild>
  </ItemGroup>
</Project>